<?xml version="1.0" encoding="utf-8"?>
<Project ToolsVersion="4.0" xmlns="http://schemas.microsoft.com/developer/msbuild/2003">
  <ItemGroup>
    <ClCompile Include="AssimpModel.cpp" />
    <ClCompile Include="Game.cpp" />
    <ClCompile Include="GameObject.cpp" />
    <ClCompile Include="Level.cpp" />
    <ClCompile Include="main.cpp" />
    <ClCompile Include="Map.cpp" />
    <ClCompile Include="Menu.cpp" />
    <ClCompile Include="Player.cpp" />
    <ClCompile Include="Scene.cpp" />
    <ClCompile Include="Shader.cpp" />
    <ClCompile Include="ShaderProgram.cpp" />
    <ClCompile Include="Texture.cpp" />
    <ClCompile Include="TexturedQuad.cpp" />
  </ItemGroup>
  <ItemGroup>
    <ClInclude Include="AssimpModel.h" />
    <ClInclude Include="Game.h" />
    <ClInclude Include="GameObject.h" />
    <ClInclude Include="Level.h" />
    <ClInclude Include="Map.h" />
    <ClInclude Include="Menu.h" />
    <ClInclude Include="Mesh.h" />
    <ClInclude Include="Player.h" />
    <ClInclude Include="Scene.h" />
    <ClInclude Include="Shader.h" />
    <ClInclude Include="ShaderProgram.h" />
    <ClInclude Include="Texture.h" />
    <ClInclude Include="TexturedQuad.h" />
  </ItemGroup>
</Project>